
Microsoft Visual Studio Solution File, Format Version 12.00
# Visual Studio Version 17
VisualStudioVersion = 17.0.32112.339
MinimumVisualStudioVersion = 10.0.40219.1
Project("{FAE04EC0-301F-11D3-BF4B-00C04F79EFBC}") = "Midterm_MahanMoulaei.Android", "Midterm_MahanMoulaei\Midterm_MahanMoulaei.Android\Midterm_MahanMoulaei.Android.csproj", "{FD7822F1-294B-44EE-A809-9724F0444F9F}"
EndProject
Project("{FAE04EC0-301F-11D3-BF4B-00C04F79EFBC}") = "Midterm_MahanMoulaei.iOS", "Midterm_MahanMoulaei\Midterm_MahanMoulaei.iOS\Midterm_MahanMoulaei.iOS.csproj", "{15935451-A8F0-41D3-80A3-CAB389DAA63A}"
EndProject
Project("{FAE04EC0-301F-11D3-BF4B-00C04F79EFBC}") = "Midterm_MahanMoulaei", "Midterm_MahanMoulaei\Midterm_MahanMoulaei\Midterm_MahanMoulaei.csproj", "{92C33056-F238-4990-8196-893EF6931464}"
EndProject
Global
	GlobalSection(SolutionConfigurationPlatforms) = preSolution
		Debug|Any CPU = Debug|Any CPU
		Debug|iPhone = Debug|iPhone
		Debug|iPhoneSimulator = Debug|iPhoneSimulator
		Release|Any CPU = Release|Any CPU
		Release|iPhone = Release|iPhone
		Release|iPhoneSimulator = Release|iPhoneSimulator
	EndGlobalSection
	GlobalSection(ProjectConfigurationPlatforms) = postSolution
		{FD7822F1-294B-44EE-A809-9724F0444F9F}.Debug|Any CPU.ActiveCfg = Debug|Any CPU
		{FD7822F1-294B-44EE-A809-9724F0444F9F}.Debug|Any CPU.Build.0 = Debug|Any CPU
		{FD7822F1-294B-44EE-A809-9724F0444F9F}.Debug|Any CPU.Deploy.0 = Debug|Any CPU
		{FD7822F1-294B-44EE-A809-9724F0444F9F}.Debug|iPhone.ActiveCfg = Debug|Any CPU
		{FD7822F1-294B-44EE-A809-9724F0444F9F}.Debug|iPhone.Build.0 = Debug|Any CPU
		{FD7822F1-294B-44EE-A809-9724F0444F9F}.Debug|iPhone.Deploy.0 = Debug|Any CPU
		{FD7822F1-294B-44EE-A809-9724F0444F9F}.Debug|iPhoneSimulator.ActiveCfg = Debug|Any CPU
		{FD7822F1-294B-44EE-A809-9724F0444F9F}.Debug|iPhoneSimulator.Build.0 = Debug|Any CPU
		{FD7822F1-294B-44EE-A809-9724F0444F9F}.Debug|iPhoneSimulator.Deploy.0 = Debug|Any CPU
		{FD7822F1-294B-44EE-A809-9724F0444F9F}.Release|Any CPU.ActiveCfg = Release|Any CPU
		{FD7822F1-294B-44EE-A809-9724F0444F9F}.Release|Any CPU.Build.0 = Release|Any CPU
		{FD7822F1-294B-44EE-A809-9724F0444F9F}.Release|Any CPU.Deploy.0 = Release|Any CPU
		{FD7822F1-294B-44EE-A809-9724F0444F9F}.Release|iPhone.ActiveCfg = Release|Any CPU
		{FD7822F1-294B-44EE-A809-9724F0444F9F}.Release|iPhone.Build.0 = Release|Any CPU
		{FD7822F1-294B-44EE-A809-9724F0444F9F}.Release|iPhone.Deploy.0 = Release|Any CPU
		{FD7822F1-294B-44EE-A809-9724F0444F9F}.Release|iPhoneSimulator.ActiveCfg = Release|Any CPU
		{FD7822F1-294B-44EE-A809-9724F0444F9F}.Release|iPhoneSimulator.Build.0 = Release|Any CPU
		{FD7822F1-294B-44EE-A809-9724F0444F9F}.Release|iPhoneSimulator.Deploy.0 = Release|Any CPU
		{15935451-A8F0-41D3-80A3-CAB389DAA63A}.Debug|Any CPU.ActiveCfg = Debug|iPhone
		{15935451-A8F0-41D3-80A3-CAB389DAA63A}.Debug|Any CPU.Build.0 = Debug|iPhone
		{15935451-A8F0-41D3-80A3-CAB389DAA63A}.Debug|Any CPU.Deploy.0 = Debug|iPhone
		{15935451-A8F0-41D3-80A3-CAB389DAA63A}.Debug|iPhone.ActiveCfg = Debug|iPhone
		{15935451-A8F0-41D3-80A3-CAB389DAA63A}.Debug|iPhone.Build.0 = Debug|iPhone
		{15935451-A8F0-41D3-80A3-CAB389DAA63A}.Debug|iPhone.Deploy.0 = Debug|iPhone
		{15935451-A8F0-41D3-80A3-CAB389DAA63A}.Debug|iPhoneSimulator.ActiveCfg = Debug|iPhoneSimulator
		{15935451-A8F0-41D3-80A3-CAB389DAA63A}.Debug|iPhoneSimulator.Build.0 = Debug|iPhoneSimulator
		{15935451-A8F0-41D3-80A3-CAB389DAA63A}.Debug|iPhoneSimulator.Deploy.0 = Debug|iPhoneSimulator
		{15935451-A8F0-41D3-80A3-CAB389DAA63A}.Release|Any CPU.ActiveCfg = Release|iPhoneSimulator
		{15935451-A8F0-41D3-80A3-CAB389DAA63A}.Release|Any CPU.Build.0 = Release|iPhoneSimulator
		{15935451-A8F0-41D3-80A3-CAB389DAA63A}.Release|Any CPU.Deploy.0 = Release|iPhoneSimulator
		{15935451-A8F0-41D3-80A3-CAB389DAA63A}.Release|iPhone.ActiveCfg = Release|iPhone
		{15935451-A8F0-41D3-80A3-CAB389DAA63A}.Release|iPhone.Build.0 = Release|iPhone
		{15935451-A8F0-41D3-80A3-CAB389DAA63A}.Release|iPhone.Deploy.0 = Release|iPhone
		{15935451-A8F0-41D3-80A3-CAB389DAA63A}.Release|iPhoneSimulator.ActiveCfg = Release|iPhoneSimulator
		{15935451-A8F0-41D3-80A3-CAB389DAA63A}.Release|iPhoneSimulator.Build.0 = Release|iPhoneSimulator
		{15935451-A8F0-41D3-80A3-CAB389DAA63A}.Release|iPhoneSimulator.Deploy.0 = Release|iPhoneSimulator
		{92C33056-F238-4990-8196-893EF6931464}.Debug|Any CPU.ActiveCfg = Debug|Any CPU
		{92C33056-F238-4990-8196-893EF6931464}.Debug|Any CPU.Build.0 = Debug|Any CPU
		{92C33056-F238-4990-8196-893EF6931464}.Debug|Any CPU.Deploy.0 = Debug|Any CPU
		{92C33056-F238-4990-8196-893EF6931464}.Debug|iPhone.ActiveCfg = Debug|Any CPU
		{92C33056-F238-4990-8196-893EF6931464}.Debug|iPhone.Build.0 = Debug|Any CPU
		{92C33056-F238-4990-8196-893EF6931464}.Debug|iPhone.Deploy.0 = Debug|Any CPU
		{92C33056-F238-4990-8196-893EF6931464}.Debug|iPhoneSimulator.ActiveCfg = Debug|Any CPU
		{92C33056-F238-4990-8196-893EF6931464}.Debug|iPhoneSimulator.Build.0 = Debug|Any CPU
		{92C33056-F238-4990-8196-893EF6931464}.Debug|iPhoneSimulator.Deploy.0 = Debug|Any CPU
		{92C33056-F238-4990-8196-893EF6931464}.Release|Any CPU.ActiveCfg = Release|Any CPU
		{92C33056-F238-4990-8196-893EF6931464}.Release|Any CPU.Build.0 = Release|Any CPU
		{92C33056-F238-4990-8196-893EF6931464}.Release|Any CPU.Deploy.0 = Release|Any CPU
		{92C33056-F238-4990-8196-893EF6931464}.Release|iPhone.ActiveCfg = Release|Any CPU
		{92C33056-F238-4990-8196-893EF6931464}.Release|iPhone.Build.0 = Release|Any CPU
		{92C33056-F238-4990-8196-893EF6931464}.Release|iPhone.Deploy.0 = Release|Any CPU
		{92C33056-F238-4990-8196-893EF6931464}.Release|iPhoneSimulator.ActiveCfg = Release|Any CPU
		{92C33056-F238-4990-8196-893EF6931464}.Release|iPhoneSimulator.Build.0 = Release|Any CPU
		{92C33056-F238-4990-8196-893EF6931464}.Release|iPhoneSimulator.Deploy.0 = Release|Any CPU
	EndGlobalSection
	GlobalSection(SolutionProperties) = preSolution
		HideSolutionNode = FALSE
	EndGlobalSection
	GlobalSection(ExtensibilityGlobals) = postSolution
		SolutionGuid = {42F4314C-71BA-44E0-8245-3D36FF941624}
	EndGlobalSection
EndGlobal
